
Microsoft Visual Studio Solution File, Format Version 12.00
# Visual Studio Version 17
VisualStudioVersion = 17.11.35327.3
MinimumVisualStudioVersion = 10.0.40219.1
Project("{FAE04EC0-301F-11D3-BF4B-00C04F79EFBC}") = "milk-sales-manager", "milk-sales-manager\milk-sales-manager.csproj", "{2BB05D85-B100-4265-B921-CB0D04E2377C}"
EndProject
Global
	GlobalSection(SolutionConfigurationPlatforms) = preSolution
		Debug|Any CPU = Debug|Any CPU
		Release|Any CPU = Release|Any CPU
	EndGlobalSection
	GlobalSection(ProjectConfigurationPlatforms) = postSolution
		{2BB05D85-B100-4265-B921-CB0D04E2377C}.Debug|Any CPU.ActiveCfg = Debug|Any CPU
		{2BB05D85-B100-4265-B921-CB0D04E2377C}.Debug|Any CPU.Build.0 = Debug|Any CPU
		{2BB05D85-B100-4265-B921-CB0D04E2377C}.Release|Any CPU.ActiveCfg = Release|Any CPU
		{2BB05D85-B100-4265-B921-CB0D04E2377C}.Release|Any CPU.Build.0 = Release|Any CPU
	EndGlobalSection
	GlobalSection(SolutionProperties) = preSolution
		HideSolutionNode = FALSE
	EndGlobalSection
	GlobalSection(ExtensibilityGlobals) = postSolution
		SolutionGuid = {6B00BDB7-CAEA-4286-ABD5-5DFC6987E0B7}
	EndGlobalSection
EndGlobal
